
Microsoft Visual Studio Solution File, Format Version 12.00
# Visual Studio 2013
VisualStudioVersion = 12.0.21005.1
MinimumVisualStudioVersion = 10.0.40219.1
Project("{FAE04EC0-301F-11D3-BF4B-00C04F79EFBC}") = "MMT_WS_FlightWeather", "MMT_WS_FlightWeather\MMT_WS_FlightWeather.csproj", "{51B1D295-9917-4842-9D99-626EB23A0E9E}"
EndProject
Project("{FAE04EC0-301F-11D3-BF4B-00C04F79EFBC}") = "FlightStatus", "FlightStatus\FlightStatus.csproj", "{EE669D24-58FC-40CB-96AB-01DC776AF387}"
EndProject
Project("{FAE04EC0-301F-11D3-BF4B-00C04F79EFBC}") = "Common", "Common\Common.csproj", "{48E5C597-F735-409F-AA35-1CA775CCF7FD}"
EndProject
Project("{FAE04EC0-301F-11D3-BF4B-00C04F79EFBC}") = "Helper", "Helper\Helper.csproj", "{022326D8-6211-4ED7-85E7-8B08FAB3C313}"
EndProject
Project("{FAE04EC0-301F-11D3-BF4B-00C04F79EFBC}") = "FlightWeatherInfoTest", "FlightWeatherInfoTest\FlightWeatherInfoTest.csproj", "{E7A61DD9-51BB-43CD-97CD-F8544D5DB96F}"
EndProject
Project("{FAE04EC0-301F-11D3-BF4B-00C04F79EFBC}") = "WeatherStatus", "WeatherStatus\WeatherStatus.csproj", "{06C51706-EDDA-4627-A4E1-C666CB9C9682}"
EndProject
Project("{FAE04EC0-301F-11D3-BF4B-00C04F79EFBC}") = "FlightWeatherMailManager", "FlightWeatherMailManager\FlightWeatherMailManager.csproj", "{6E59A86F-A0B6-4F0C-B40F-F737ECBE39FF}"
EndProject
Project("{6141683F-8A12-4E36-9623-2EB02B2C2303}") = "MMT_WS_FlightWeather_Setup", "MMT_WS_FlightWeather_Setup\MMT_WS_FlightWeather_Setup.isproj", "{2936CEBA-426B-41B5-BF8D-2E3515079C03}"
	ProjectSection(ProjectDependencies) = postProject
		{6E59A86F-A0B6-4F0C-B40F-F737ECBE39FF} = {6E59A86F-A0B6-4F0C-B40F-F737ECBE39FF}
		{51B1D295-9917-4842-9D99-626EB23A0E9E} = {51B1D295-9917-4842-9D99-626EB23A0E9E}
	EndProjectSection
EndProject
Global
	GlobalSection(SolutionConfigurationPlatforms) = preSolution
		CD_ROM|Any CPU = CD_ROM|Any CPU
		Debug|Any CPU = Debug|Any CPU
		DVD-5|Any CPU = DVD-5|Any CPU
		Release|Any CPU = Release|Any CPU
		SingleImage|Any CPU = SingleImage|Any CPU
	EndGlobalSection
	GlobalSection(ProjectConfigurationPlatforms) = postSolution
		{51B1D295-9917-4842-9D99-626EB23A0E9E}.CD_ROM|Any CPU.ActiveCfg = Release|Any CPU
		{51B1D295-9917-4842-9D99-626EB23A0E9E}.CD_ROM|Any CPU.Build.0 = Release|Any CPU
		{51B1D295-9917-4842-9D99-626EB23A0E9E}.Debug|Any CPU.ActiveCfg = Debug|Any CPU
		{51B1D295-9917-4842-9D99-626EB23A0E9E}.Debug|Any CPU.Build.0 = Debug|Any CPU
		{51B1D295-9917-4842-9D99-626EB23A0E9E}.DVD-5|Any CPU.ActiveCfg = Debug|Any CPU
		{51B1D295-9917-4842-9D99-626EB23A0E9E}.DVD-5|Any CPU.Build.0 = Debug|Any CPU
		{51B1D295-9917-4842-9D99-626EB23A0E9E}.Release|Any CPU.ActiveCfg = Release|Any CPU
		{51B1D295-9917-4842-9D99-626EB23A0E9E}.Release|Any CPU.Build.0 = Release|Any CPU
		{51B1D295-9917-4842-9D99-626EB23A0E9E}.SingleImage|Any CPU.ActiveCfg = Release|Any CPU
		{51B1D295-9917-4842-9D99-626EB23A0E9E}.SingleImage|Any CPU.Build.0 = Release|Any CPU
		{EE669D24-58FC-40CB-96AB-01DC776AF387}.CD_ROM|Any CPU.ActiveCfg = Release|Any CPU
		{EE669D24-58FC-40CB-96AB-01DC776AF387}.CD_ROM|Any CPU.Build.0 = Release|Any CPU
		{EE669D24-58FC-40CB-96AB-01DC776AF387}.Debug|Any CPU.ActiveCfg = Debug|Any CPU
		{EE669D24-58FC-40CB-96AB-01DC776AF387}.Debug|Any CPU.Build.0 = Debug|Any CPU
		{EE669D24-58FC-40CB-96AB-01DC776AF387}.DVD-5|Any CPU.ActiveCfg = Debug|Any CPU
		{EE669D24-58FC-40CB-96AB-01DC776AF387}.DVD-5|Any CPU.Build.0 = Debug|Any CPU
		{EE669D24-58FC-40CB-96AB-01DC776AF387}.Release|Any CPU.ActiveCfg = Release|Any CPU
		{EE669D24-58FC-40CB-96AB-01DC776AF387}.Release|Any CPU.Build.0 = Release|Any CPU
		{EE669D24-58FC-40CB-96AB-01DC776AF387}.SingleImage|Any CPU.ActiveCfg = Release|Any CPU
		{EE669D24-58FC-40CB-96AB-01DC776AF387}.SingleImage|Any CPU.Build.0 = Release|Any CPU
		{48E5C597-F735-409F-AA35-1CA775CCF7FD}.CD_ROM|Any CPU.ActiveCfg = Release|Any CPU
		{48E5C597-F735-409F-AA35-1CA775CCF7FD}.CD_ROM|Any CPU.Build.0 = Release|Any CPU
		{48E5C597-F735-409F-AA35-1CA775CCF7FD}.Debug|Any CPU.ActiveCfg = Debug|Any CPU
		{48E5C597-F735-409F-AA35-1CA775CCF7FD}.Debug|Any CPU.Build.0 = Debug|Any CPU
		{48E5C597-F735-409F-AA35-1CA775CCF7FD}.DVD-5|Any CPU.ActiveCfg = Debug|Any CPU
		{48E5C597-F735-409F-AA35-1CA775CCF7FD}.DVD-5|Any CPU.Build.0 = Debug|Any CPU
		{48E5C597-F735-409F-AA35-1CA775CCF7FD}.Release|Any CPU.ActiveCfg = Release|Any CPU
		{48E5C597-F735-409F-AA35-1CA775CCF7FD}.Release|Any CPU.Build.0 = Release|Any CPU
		{48E5C597-F735-409F-AA35-1CA775CCF7FD}.SingleImage|Any CPU.ActiveCfg = Release|Any CPU
		{48E5C597-F735-409F-AA35-1CA775CCF7FD}.SingleImage|Any CPU.Build.0 = Release|Any CPU
		{022326D8-6211-4ED7-85E7-8B08FAB3C313}.CD_ROM|Any CPU.ActiveCfg = Release|Any CPU
		{022326D8-6211-4ED7-85E7-8B08FAB3C313}.CD_ROM|Any CPU.Build.0 = Release|Any CPU
		{022326D8-6211-4ED7-85E7-8B08FAB3C313}.Debug|Any CPU.ActiveCfg = Debug|Any CPU
		{022326D8-6211-4ED7-85E7-8B08FAB3C313}.Debug|Any CPU.Build.0 = Debug|Any CPU
		{022326D8-6211-4ED7-85E7-8B08FAB3C313}.DVD-5|Any CPU.ActiveCfg = Debug|Any CPU
		{022326D8-6211-4ED7-85E7-8B08FAB3C313}.DVD-5|Any CPU.Build.0 = Debug|Any CPU
		{022326D8-6211-4ED7-85E7-8B08FAB3C313}.Release|Any CPU.ActiveCfg = Release|Any CPU
		{022326D8-6211-4ED7-85E7-8B08FAB3C313}.Release|Any CPU.Build.0 = Release|Any CPU
		{022326D8-6211-4ED7-85E7-8B08FAB3C313}.SingleImage|Any CPU.ActiveCfg = Release|Any CPU
		{022326D8-6211-4ED7-85E7-8B08FAB3C313}.SingleImage|Any CPU.Build.0 = Release|Any CPU
		{E7A61DD9-51BB-43CD-97CD-F8544D5DB96F}.CD_ROM|Any CPU.ActiveCfg = Release|Any CPU
		{E7A61DD9-51BB-43CD-97CD-F8544D5DB96F}.CD_ROM|Any CPU.Build.0 = Release|Any CPU
		{E7A61DD9-51BB-43CD-97CD-F8544D5DB96F}.Debug|Any CPU.ActiveCfg = Debug|Any CPU
		{E7A61DD9-51BB-43CD-97CD-F8544D5DB96F}.Debug|Any CPU.Build.0 = Debug|Any CPU
		{E7A61DD9-51BB-43CD-97CD-F8544D5DB96F}.DVD-5|Any CPU.ActiveCfg = Debug|Any CPU
		{E7A61DD9-51BB-43CD-97CD-F8544D5DB96F}.DVD-5|Any CPU.Build.0 = Debug|Any CPU
		{E7A61DD9-51BB-43CD-97CD-F8544D5DB96F}.Release|Any CPU.ActiveCfg = Release|Any CPU
		{E7A61DD9-51BB-43CD-97CD-F8544D5DB96F}.Release|Any CPU.Build.0 = Release|Any CPU
		{E7A61DD9-51BB-43CD-97CD-F8544D5DB96F}.SingleImage|Any CPU.ActiveCfg = Release|Any CPU
		{E7A61DD9-51BB-43CD-97CD-F8544D5DB96F}.SingleImage|Any CPU.Build.0 = Release|Any CPU
		{06C51706-EDDA-4627-A4E1-C666CB9C9682}.CD_ROM|Any CPU.ActiveCfg = Release|Any CPU
		{06C51706-EDDA-4627-A4E1-C666CB9C9682}.CD_ROM|Any CPU.Build.0 = Release|Any CPU
		{06C51706-EDDA-4627-A4E1-C666CB9C9682}.Debug|Any CPU.ActiveCfg = Debug|Any CPU
		{06C51706-EDDA-4627-A4E1-C666CB9C9682}.Debug|Any CPU.Build.0 = Debug|Any CPU
		{06C51706-EDDA-4627-A4E1-C666CB9C9682}.DVD-5|Any CPU.ActiveCfg = Debug|Any CPU
		{06C51706-EDDA-4627-A4E1-C666CB9C9682}.DVD-5|Any CPU.Build.0 = Debug|Any CPU
		{06C51706-EDDA-4627-A4E1-C666CB9C9682}.Release|Any CPU.ActiveCfg = Release|Any CPU
		{06C51706-EDDA-4627-A4E1-C666CB9C9682}.Release|Any CPU.Build.0 = Release|Any CPU
		{06C51706-EDDA-4627-A4E1-C666CB9C9682}.SingleImage|Any CPU.ActiveCfg = Release|Any CPU
		{06C51706-EDDA-4627-A4E1-C666CB9C9682}.SingleImage|Any CPU.Build.0 = Release|Any CPU
		{6E59A86F-A0B6-4F0C-B40F-F737ECBE39FF}.CD_ROM|Any CPU.ActiveCfg = Release|Any CPU
		{6E59A86F-A0B6-4F0C-B40F-F737ECBE39FF}.CD_ROM|Any CPU.Build.0 = Release|Any CPU
		{6E59A86F-A0B6-4F0C-B40F-F737ECBE39FF}.Debug|Any CPU.ActiveCfg = Debug|Any CPU
		{6E59A86F-A0B6-4F0C-B40F-F737ECBE39FF}.Debug|Any CPU.Build.0 = Debug|Any CPU
		{6E59A86F-A0B6-4F0C-B40F-F737ECBE39FF}.DVD-5|Any CPU.ActiveCfg = Debug|Any CPU
		{6E59A86F-A0B6-4F0C-B40F-F737ECBE39FF}.DVD-5|Any CPU.Build.0 = Debug|Any CPU
		{6E59A86F-A0B6-4F0C-B40F-F737ECBE39FF}.Release|Any CPU.ActiveCfg = Release|Any CPU
		{6E59A86F-A0B6-4F0C-B40F-F737ECBE39FF}.Release|Any CPU.Build.0 = Release|Any CPU
		{6E59A86F-A0B6-4F0C-B40F-F737ECBE39FF}.SingleImage|Any CPU.ActiveCfg = Release|Any CPU
		{6E59A86F-A0B6-4F0C-B40F-F737ECBE39FF}.SingleImage|Any CPU.Build.0 = Release|Any CPU
		{2936CEBA-426B-41B5-BF8D-2E3515079C03}.CD_ROM|Any CPU.ActiveCfg = CD_ROM
		{2936CEBA-426B-41B5-BF8D-2E3515079C03}.CD_ROM|Any CPU.Build.0 = CD_ROM
		{2936CEBA-426B-41B5-BF8D-2E3515079C03}.Debug|Any CPU.ActiveCfg = DVD-5
		{2936CEBA-426B-41B5-BF8D-2E3515079C03}.Debug|Any CPU.Build.0 = DVD-5
		{2936CEBA-426B-41B5-BF8D-2E3515079C03}.DVD-5|Any CPU.ActiveCfg = DVD-5
		{2936CEBA-426B-41B5-BF8D-2E3515079C03}.DVD-5|Any CPU.Build.0 = DVD-5
		{2936CEBA-426B-41B5-BF8D-2E3515079C03}.Release|Any CPU.ActiveCfg = SingleImage
		{2936CEBA-426B-41B5-BF8D-2E3515079C03}.Release|Any CPU.Build.0 = SingleImage
		{2936CEBA-426B-41B5-BF8D-2E3515079C03}.SingleImage|Any CPU.ActiveCfg = SingleImage
		{2936CEBA-426B-41B5-BF8D-2E3515079C03}.SingleImage|Any CPU.Build.0 = SingleImage
	EndGlobalSection
	GlobalSection(SolutionProperties) = preSolution
		HideSolutionNode = FALSE
	EndGlobalSection
	GlobalSection(Performance) = preSolution
		HasPerformanceSessions = true
	EndGlobalSection
EndGlobal
